
Microsoft Visual Studio Solution File, Format Version 12.00
# Visual Studio Version 17
VisualStudioVersion = 17.0.31903.59
MinimumVisualStudioVersion = 10.0.40219.1
Project("{2150E333-8FDC-42A3-9474-1A3956D46DE8}") = "Theory", "Theory", "{A622F45A-7247-4F1D-97E1-159B41B600F7}"
EndProject
Project("{FAE04EC0-301F-11D3-BF4B-00C04F79EFBC}") = "xUnit.Samples.Theory.InlineData", "Theory\xUnit.Samples.Theory.InlineData\xUnit.Samples.Theory.InlineData.csproj", "{6A23236E-56C8-478E-8ADA-AADE1A705D6B}"
EndProject
Project("{FAE04EC0-301F-11D3-BF4B-00C04F79EFBC}") = "xUnit.Samples.Theory.ClassData", "Theory\xUnit.Samples.Theory.ClassData\xUnit.Samples.Theory.ClassData.csproj", "{68DD3B9B-D8AC-45BF-92F7-BC23FB3BDE9E}"
EndProject
Global
	GlobalSection(SolutionConfigurationPlatforms) = preSolution
		Debug|Any CPU = Debug|Any CPU
		Release|Any CPU = Release|Any CPU
	EndGlobalSection
	GlobalSection(ProjectConfigurationPlatforms) = postSolution
		{6A23236E-56C8-478E-8ADA-AADE1A705D6B}.Debug|Any CPU.ActiveCfg = Debug|Any CPU
		{6A23236E-56C8-478E-8ADA-AADE1A705D6B}.Debug|Any CPU.Build.0 = Debug|Any CPU
		{6A23236E-56C8-478E-8ADA-AADE1A705D6B}.Release|Any CPU.ActiveCfg = Release|Any CPU
		{6A23236E-56C8-478E-8ADA-AADE1A705D6B}.Release|Any CPU.Build.0 = Release|Any CPU
		{68DD3B9B-D8AC-45BF-92F7-BC23FB3BDE9E}.Debug|Any CPU.ActiveCfg = Debug|Any CPU
		{68DD3B9B-D8AC-45BF-92F7-BC23FB3BDE9E}.Debug|Any CPU.Build.0 = Debug|Any CPU
		{68DD3B9B-D8AC-45BF-92F7-BC23FB3BDE9E}.Release|Any CPU.ActiveCfg = Release|Any CPU
		{68DD3B9B-D8AC-45BF-92F7-BC23FB3BDE9E}.Release|Any CPU.Build.0 = Release|Any CPU
	EndGlobalSection
	GlobalSection(SolutionProperties) = preSolution
		HideSolutionNode = FALSE
	EndGlobalSection
	GlobalSection(NestedProjects) = preSolution
		{6A23236E-56C8-478E-8ADA-AADE1A705D6B} = {A622F45A-7247-4F1D-97E1-159B41B600F7}
		{68DD3B9B-D8AC-45BF-92F7-BC23FB3BDE9E} = {A622F45A-7247-4F1D-97E1-159B41B600F7}
	EndGlobalSection
	GlobalSection(ExtensibilityGlobals) = postSolution
		SolutionGuid = {16ED376B-D6F6-45E4-A0C1-611A8712835A}
	EndGlobalSection
EndGlobal
